Microsoft Visual Studio Solution File, Format Version 12.00
# Visual Studio Version 17
VisualStudioVersion = 17.5.2.0
MinimumVisualStudioVersion = 10.0.40219.1
Project("{2150E333-8FDC-42A3-9474-1A3956D46DE8}") = "KeeperLegacyGodot", "KeeperLegacyGodot", "{E6A71250-5CAE-CF61-ACEE-C37DF156F991}"
EndProject
Project("{FAE04EC0-301F-11D3-BF4B-00C04F79EFBC}") = "KeeperLegacy", "KeeperLegacyGodot\KeeperLegacy.csproj", "{EADC86D4-3E2C-1CFC-BFBF-A89B89A48E9A}"
EndProject
Global
	GlobalSection(SolutionConfigurationPlatforms) = preSolution
		Debug|Any CPU = Debug|Any CPU
		Release|Any CPU = Release|Any CPU
	EndGlobalSection
	GlobalSection(ProjectConfigurationPlatforms) = postSolution
		{EADC86D4-3E2C-1CFC-BFBF-A89B89A48E9A}.Debug|Any CPU.ActiveCfg = Debug|Any CPU
		{EADC86D4-3E2C-1CFC-BFBF-A89B89A48E9A}.Debug|Any CPU.Build.0 = Debug|Any CPU
		{EADC86D4-3E2C-1CFC-BFBF-A89B89A48E9A}.Release|Any CPU.ActiveCfg = Release|Any CPU
		{EADC86D4-3E2C-1CFC-BFBF-A89B89A48E9A}.Release|Any CPU.Build.0 = Release|Any CPU
	EndGlobalSection
	GlobalSection(SolutionProperties) = preSolution
		HideSolutionNode = FALSE
	EndGlobalSection
	GlobalSection(NestedProjects) = preSolution
		{EADC86D4-3E2C-1CFC-BFBF-A89B89A48E9A} = {E6A71250-5CAE-CF61-ACEE-C37DF156F991}
	EndGlobalSection
	GlobalSection(ExtensibilityGlobals) = postSolution
		SolutionGuid = {717787C2-05E8-405D-B9F9-2A1A9E8F7A0F}
	EndGlobalSection
EndGlobal
